Microsoft Visual Studio Solution File, Format Version 12.00
# Visual Studio 2012
Project("{FAE04EC0-301F-11D3-BF4B-00C04F79EFBC}") = "ldjam-44", "ldjam-44.csproj", "{89C7A0AA-9678-4743-BFA6-C003889FAD10}"
EndProject
Global
	GlobalSection(SolutionConfigurationPlatforms) = preSolution
	Debug|Any CPU = Debug|Any CPU
	Release|Any CPU = Release|Any CPU
	Tools|Any CPU = Tools|Any CPU
	EndGlobalSection
	GlobalSection(ProjectConfigurationPlatforms) = postSolution
		{89C7A0AA-9678-4743-BFA6-C003889FAD10}.Debug|Any CPU.ActiveCfg = Debug|Any CPU
		{89C7A0AA-9678-4743-BFA6-C003889FAD10}.Debug|Any CPU.Build.0 = Debug|Any CPU
		{89C7A0AA-9678-4743-BFA6-C003889FAD10}.Release|Any CPU.ActiveCfg = Release|Any CPU
		{89C7A0AA-9678-4743-BFA6-C003889FAD10}.Release|Any CPU.Build.0 = Release|Any CPU
		{89C7A0AA-9678-4743-BFA6-C003889FAD10}.Tools|Any CPU.ActiveCfg = Tools|Any CPU
		{89C7A0AA-9678-4743-BFA6-C003889FAD10}.Tools|Any CPU.Build.0 = Tools|Any CPU
	EndGlobalSection
EndGlobal
